
Microsoft Visual Studio Solution File, Format Version 12.00
# Visual Studio Version 17
VisualStudioVersion = 17.14.36511.14 d17.14
MinimumVisualStudioVersion = 10.0.40219.1
Project("{FAE04EC0-301F-11D3-BF4B-00C04F79EFBC}") = "team-bird-a4-jumper", "team-bird-a4-jumper.csproj", "{F43416DC-4112-43F5-8D31-B3770CB70AA0}"
EndProject
Global
	GlobalSection(SolutionConfigurationPlatforms) = preSolution
		Debug|Any CPU = Debug|Any CPU
		Release|Any CPU = Release|Any CPU
	EndGlobalSection
	GlobalSection(ProjectConfigurationPlatforms) = postSolution
		{F43416DC-4112-43F5-8D31-B3770CB70AA0}.Debug|Any CPU.ActiveCfg = Debug|Any CPU
		{F43416DC-4112-43F5-8D31-B3770CB70AA0}.Debug|Any CPU.Build.0 = Debug|Any CPU
		{F43416DC-4112-43F5-8D31-B3770CB70AA0}.Release|Any CPU.ActiveCfg = Release|Any CPU
		{F43416DC-4112-43F5-8D31-B3770CB70AA0}.Release|Any CPU.Build.0 = Release|Any CPU
	EndGlobalSection
	GlobalSection(SolutionProperties) = preSolution
		HideSolutionNode = FALSE
	EndGlobalSection
	GlobalSection(ExtensibilityGlobals) = postSolution
		SolutionGuid = {9BE47E81-87F5-433F-A2A3-4EB85A31F140}
	EndGlobalSection
EndGlobal
